
Microsoft Visual Studio Solution File, Format Version 12.00
# Visual Studio 14
VisualStudioVersion = 14.0.25123.0
MinimumVisualStudioVersion = 10.0.40219.1
Project("{FAE04EC0-301F-11D3-BF4B-00C04F79EFBC}") = "BlogJuneMVC", "BlogJuneMVC\BlogJuneMVC.csproj", "{BA696BB9-BA49-44D2-8424-B23486F6C33F}"
EndProject
Global
	GlobalSection(SolutionConfigurationPlatforms) = preSolution
		Debug|Any CPU = Debug|Any CPU
		Release|Any CPU = Release|Any CPU
	EndGlobalSection
	GlobalSection(ProjectConfigurationPlatforms) = postSolution
		{BA696BB9-BA49-44D2-8424-B23486F6C33F}.Debug|Any CPU.ActiveCfg = Debug|Any CPU
		{BA696BB9-BA49-44D2-8424-B23486F6C33F}.Debug|Any CPU.Build.0 = Debug|Any CPU
		{BA696BB9-BA49-44D2-8424-B23486F6C33F}.Release|Any CPU.ActiveCfg = Release|Any CPU
		{BA696BB9-BA49-44D2-8424-B23486F6C33F}.Release|Any CPU.Build.0 = Release|Any CPU
	EndGlobalSection
	GlobalSection(SolutionProperties) = preSolution
		HideSolutionNode = FALSE
	EndGlobalSection
EndGlobal
